<Solution>
  <Project Path="ClassActivity1/ClassActivity1.csproj" Id="f5d37e28-00b9-4c27-a2f8-17a10751f830" />
  <Project Path="ClassActivity2/ClassActivity2.csproj" Id="c7e50685-2816-4c7b-a8a0-af11846775c9" />
  <Project Path="ClassActivity3/ClassActivity3.csproj" Id="ef674b14-7bd9-4706-9aa3-c7431dcd798e" />
  <Project Path="GUIPractice/GUIPractice.csproj" Id="56db02b5-4839-4228-92f8-c3ae0876dcc1" />
  <Project Path="HomeActivity1/HomeActivity1.csproj" Id="fe956044-a5de-4d36-a46b-243f28e76ebe" />
  <Project Path="HomeActivity2/HomeActivity2.csproj" Id="ce6cb5b5-75f0-437e-8a84-a3a231e940be" />
  <Project Path="LoanApp/LoanApp.csproj" Id="fa10abb2-22fe-42d1-b621-65b938d051b7" />
  <Project Path="Test1/Test1.csproj" />
  <Project Path="Thuesday/Thuesday.csproj" Id="ae580118-dce1-45a8-930a-e3def2eab8c2" />
  <Project Path="VotingSystem/VotingSystem.csproj" Id="3467459f-1030-47e9-b25f-51d46189045e" />
</Solution>
